
Microsoft Visual Studio Solution File, Format Version 12.00
# Visual Studio 14
VisualStudioVersion = 14.0.25420.1
MinimumVisualStudioVersion = 10.0.40219.1
Project("{FAE04EC0-301F-11D3-BF4B-00C04F79EFBC}") = "DigitalTimetable", "DigitalTimetable\DigitalTimetable\DigitalTimetable.csproj", "{0674EEA0-2E7E-4616-8B52-E546B99F25FA}"
EndProject
Project("{FAE04EC0-301F-11D3-BF4B-00C04F79EFBC}") = "DigitalTimetable.Droid", "DigitalTimetable\DigitalTimetable.Droid\DigitalTimetable.Droid.csproj", "{D2D3D876-A8A9-4766-9ED0-FD896A97C43E}"
EndProject
Project("{FAE04EC0-301F-11D3-BF4B-00C04F79EFBC}") = "DigitalTimetable.iOS", "DigitalTimetable\DigitalTimetable.iOS\DigitalTimetable.iOS.csproj", "{258A7004-2FA0-4408-9B78-82650EE79C21}"
EndProject
Project("{FAE04EC0-301F-11D3-BF4B-00C04F79EFBC}") = "DigitalTimetable.WinPhone", "DigitalTimetable\DigitalTimetable.WinPhone\DigitalTimetable.WinPhone.csproj", "{9CDC507C-2287-4CCD-A494-23EBC3470732}"
EndProject
Project("{FAE04EC0-301F-11D3-BF4B-00C04F79EFBC}") = "DigitalTimetable.UWP", "DigitalTimetable\DigitalTimetable.UWP\DigitalTimetable.UWP.csproj", "{495DDE27-B0A0-466F-9D43-03F492288385}"
EndProject
Project("{FAE04EC0-301F-11D3-BF4B-00C04F79EFBC}") = "DigitalTimetable.Windows", "DigitalTimetable\DigitalTimetable.Windows\DigitalTimetable.Windows.csproj", "{745259F0-E7A7-4065-87DC-59BE138C1C8B}"
EndProject
Global
	GlobalSection(SolutionConfigurationPlatforms) = preSolution
		Ad-Hoc|Any CPU = Ad-Hoc|Any CPU
		Ad-Hoc|ARM = Ad-Hoc|ARM
		Ad-Hoc|iPhone = Ad-Hoc|iPhone
		Ad-Hoc|iPhoneSimulator = Ad-Hoc|iPhoneSimulator
		Ad-Hoc|x64 = Ad-Hoc|x64
		Ad-Hoc|x86 = Ad-Hoc|x86
		AppStore|Any CPU = AppStore|Any CPU
		AppStore|ARM = AppStore|ARM
		AppStore|iPhone = AppStore|iPhone
		AppStore|iPhoneSimulator = AppStore|iPhoneSimulator
		AppStore|x64 = AppStore|x64
		AppStore|x86 = AppStore|x86
		Debug|Any CPU = Debug|Any CPU
		Debug|ARM = Debug|ARM
		Debug|iPhone = Debug|iPhone
		Debug|iPhoneSimulator = Debug|iPhoneSimulator
		Debug|x64 = Debug|x64
		Debug|x86 = Debug|x86
		Release|Any CPU = Release|Any CPU
		Release|ARM = Release|ARM
		Release|iPhone = Release|iPhone
		Release|iPhoneSimulator = Release|iPhoneSimulator
		Release|x64 = Release|x64
		Release|x86 = Release|x86
	EndGlobalSection
	GlobalSection(ProjectConfigurationPlatforms) = postSolution
		{0674EEA0-2E7E-4616-8B52-E546B99F25FA}.Ad-Hoc|Any CPU.ActiveCfg = Release|Any CPU
		{0674EEA0-2E7E-4616-8B52-E546B99F25FA}.Ad-Hoc|Any CPU.Build.0 = Release|Any CPU
		{0674EEA0-2E7E-4616-8B52-E546B99F25FA}.Ad-Hoc|ARM.ActiveCfg = Release|Any CPU
		{0674EEA0-2E7E-4616-8B52-E546B99F25FA}.Ad-Hoc|ARM.Build.0 = Release|Any CPU
		{0674EEA0-2E7E-4616-8B52-E546B99F25FA}.Ad-Hoc|iPhone.ActiveCfg = Release|Any CPU
		{0674EEA0-2E7E-4616-8B52-E546B99F25FA}.Ad-Hoc|iPhone.Build.0 = Release|Any CPU
		{0674EEA0-2E7E-4616-8B52-E546B99F25FA}.Ad-Hoc|iPhoneSimulator.ActiveCfg = Release|Any CPU
		{0674EEA0-2E7E-4616-8B52-E546B99F25FA}.Ad-Hoc|iPhoneSimulator.Build.0 = Release|Any CPU
		{0674EEA0-2E7E-4616-8B52-E546B99F25FA}.Ad-Hoc|x64.ActiveCfg = Release|Any CPU
		{0674EEA0-2E7E-4616-8B52-E546B99F25FA}.Ad-Hoc|x64.Build.0 = Release|Any CPU
		{0674EEA0-2E7E-4616-8B52-E546B99F25FA}.Ad-Hoc|x86.ActiveCfg = Release|Any CPU
		{0674EEA0-2E7E-4616-8B52-E546B99F25FA}.Ad-Hoc|x86.Build.0 = Release|Any CPU
		{0674EEA0-2E7E-4616-8B52-E546B99F25FA}.AppStore|Any CPU.ActiveCfg = Release|Any CPU
		{0674EEA0-2E7E-4616-8B52-E546B99F25FA}.AppStore|Any CPU.Build.0 = Release|Any CPU
		{0674EEA0-2E7E-4616-8B52-E546B99F25FA}.AppStore|ARM.ActiveCfg = Release|Any CPU
		{0674EEA0-2E7E-4616-8B52-E546B99F25FA}.AppStore|ARM.Build.0 = Release|Any CPU
		{0674EEA0-2E7E-4616-8B52-E546B99F25FA}.AppStore|iPhone.ActiveCfg = Release|Any CPU
		{0674EEA0-2E7E-4616-8B52-E546B99F25FA}.AppStore|iPhone.Build.0 = Release|Any CPU
		{0674EEA0-2E7E-4616-8B52-E546B99F25FA}.AppStore|iPhoneSimulator.ActiveCfg = Release|Any CPU
		{0674EEA0-2E7E-4616-8B52-E546B99F25FA}.AppStore|iPhoneSimulator.Build.0 = Release|Any CPU
		{0674EEA0-2E7E-4616-8B52-E546B99F25FA}.AppStore|x64.ActiveCfg = Release|Any CPU
		{0674EEA0-2E7E-4616-8B52-E546B99F25FA}.AppStore|x64.Build.0 = Release|Any CPU
		{0674EEA0-2E7E-4616-8B52-E546B99F25FA}.AppStore|x86.ActiveCfg = Release|Any CPU
		{0674EEA0-2E7E-4616-8B52-E546B99F25FA}.AppStore|x86.Build.0 = Release|Any CPU
		{0674EEA0-2E7E-4616-8B52-E546B99F25FA}.Debug|Any CPU.ActiveCfg = Debug|Any CPU
		{0674EEA0-2E7E-4616-8B52-E546B99F25FA}.Debug|Any CPU.Build.0 = Debug|Any CPU
		{0674EEA0-2E7E-4616-8B52-E546B99F25FA}.Debug|ARM.ActiveCfg = Debug|Any CPU
		{0674EEA0-2E7E-4616-8B52-E546B99F25FA}.Debug|ARM.Build.0 = Debug|Any CPU
		{0674EEA0-2E7E-4616-8B52-E546B99F25FA}.Debug|iPhone.ActiveCfg = Debug|Any CPU
		{0674EEA0-2E7E-4616-8B52-E546B99F25FA}.Debug|iPhone.Build.0 = Debug|Any CPU
		{0674EEA0-2E7E-4616-8B52-E546B99F25FA}.Debug|iPhone.Deploy.0 = Debug|Any CPU
		{0674EEA0-2E7E-4616-8B52-E546B99F25FA}.Debug|iPhoneSimulator.ActiveCfg = Debug|Any CPU
		{0674EEA0-2E7E-4616-8B52-E546B99F25FA}.Debug|iPhoneSimulator.Build.0 = Debug|Any CPU
		{0674EEA0-2E7E-4616-8B52-E546B99F25FA}.Debug|x64.ActiveCfg = Debug|Any CPU
		{0674EEA0-2E7E-4616-8B52-E546B99F25FA}.Debug|x64.Build.0 = Debug|Any CPU
		{0674EEA0-2E7E-4616-8B52-E546B99F25FA}.Debug|x86.ActiveCfg = Debug|Any CPU
		{0674EEA0-2E7E-4616-8B52-E546B99F25FA}.Debug|x86.Build.0 = Debug|Any CPU
		{0674EEA0-2E7E-4616-8B52-E546B99F25FA}.Release|Any CPU.ActiveCfg = Release|Any CPU
		{0674EEA0-2E7E-4616-8B52-E546B99F25FA}.Release|Any CPU.Build.0 = Release|Any CPU
		{0674EEA0-2E7E-4616-8B52-E546B99F25FA}.Release|ARM.ActiveCfg = Release|Any CPU
		{0674EEA0-2E7E-4616-8B52-E546B99F25FA}.Release|ARM.Build.0 = Release|Any CPU
		{0674EEA0-2E7E-4616-8B52-E546B99F25FA}.Release|iPhone.ActiveCfg = Release|Any CPU
		{0674EEA0-2E7E-4616-8B52-E546B99F25FA}.Release|iPhone.Build.0 = Release|Any CPU
		{0674EEA0-2E7E-4616-8B52-E546B99F25FA}.Release|iPhoneSimulator.ActiveCfg = Release|Any CPU
		{0674EEA0-2E7E-4616-8B52-E546B99F25FA}.Release|iPhoneSimulator.Build.0 = Release|Any CPU
		{0674EEA0-2E7E-4616-8B52-E546B99F25FA}.Release|x64.ActiveCfg = Release|Any CPU
		{0674EEA0-2E7E-4616-8B52-E546B99F25FA}.Release|x64.Build.0 = Release|Any CPU
		{0674EEA0-2E7E-4616-8B52-E546B99F25FA}.Release|x86.ActiveCfg = Release|Any CPU
		{0674EEA0-2E7E-4616-8B52-E546B99F25FA}.Release|x86.Build.0 = Release|Any CPU
		{D2D3D876-A8A9-4766-9ED0-FD896A97C43E}.Ad-Hoc|Any CPU.ActiveCfg = Release|Any CPU
		{D2D3D876-A8A9-4766-9ED0-FD896A97C43E}.Ad-Hoc|Any CPU.Build.0 = Release|Any CPU
		{D2D3D876-A8A9-4766-9ED0-FD896A97C43E}.Ad-Hoc|Any CPU.Deploy.0 = Release|Any CPU
		{D2D3D876-A8A9-4766-9ED0-FD896A97C43E}.Ad-Hoc|ARM.ActiveCfg = Release|Any CPU
		{D2D3D876-A8A9-4766-9ED0-FD896A97C43E}.Ad-Hoc|ARM.Build.0 = Release|Any CPU
		{D2D3D876-A8A9-4766-9ED0-FD896A97C43E}.Ad-Hoc|ARM.Deploy.0 = Release|Any CPU
		{D2D3D876-A8A9-4766-9ED0-FD896A97C43E}.Ad-Hoc|iPhone.ActiveCfg = Release|Any CPU
		{D2D3D876-A8A9-4766-9ED0-FD896A97C43E}.Ad-Hoc|iPhone.Build.0 = Release|Any CPU
		{D2D3D876-A8A9-4766-9ED0-FD896A97C43E}.Ad-Hoc|iPhone.Deploy.0 = Release|Any CPU
		{D2D3D876-A8A9-4766-9ED0-FD896A97C43E}.Ad-Hoc|iPhoneSimulator.ActiveCfg = Release|Any CPU
		{D2D3D876-A8A9-4766-9ED0-FD896A97C43E}.Ad-Hoc|iPhoneSimulator.Build.0 = Release|Any CPU
		{D2D3D876-A8A9-4766-9ED0-FD896A97C43E}.Ad-Hoc|iPhoneSimulator.Deploy.0 = Release|Any CPU
		{D2D3D876-A8A9-4766-9ED0-FD896A97C43E}.Ad-Hoc|x64.ActiveCfg = Release|Any CPU
		{D2D3D876-A8A9-4766-9ED0-FD896A97C43E}.Ad-Hoc|x64.Build.0 = Release|Any CPU
		{D2D3D876-A8A9-4766-9ED0-FD896A97C43E}.Ad-Hoc|x64.Deploy.0 = Release|Any CPU
		{D2D3D876-A8A9-4766-9ED0-FD896A97C43E}.Ad-Hoc|x86.ActiveCfg = Release|Any CPU
		{D2D3D876-A8A9-4766-9ED0-FD896A97C43E}.Ad-Hoc|x86.Build.0 = Release|Any CPU
		{D2D3D876-A8A9-4766-9ED0-FD896A97C43E}.Ad-Hoc|x86.Deploy.0 = Release|Any CPU
		{D2D3D876-A8A9-4766-9ED0-FD896A97C43E}.AppStore|Any CPU.ActiveCfg = Release|Any CPU
		{D2D3D876-A8A9-4766-9ED0-FD896A97C43E}.AppStore|Any CPU.Build.0 = Release|Any CPU
		{D2D3D876-A8A9-4766-9ED0-FD896A97C43E}.AppStore|Any CPU.Deploy.0 = Release|Any CPU
		{D2D3D876-A8A9-4766-9ED0-FD896A97C43E}.AppStore|ARM.ActiveCfg = Release|Any CPU
		{D2D3D876-A8A9-4766-9ED0-FD896A97C43E}.AppStore|ARM.Build.0 = Release|Any CPU
		{D2D3D876-A8A9-4766-9ED0-FD896A97C43E}.AppStore|ARM.Deploy.0 = Release|Any CPU
		{D2D3D876-A8A9-4766-9ED0-FD896A97C43E}.AppStore|iPhone.ActiveCfg = Release|Any CPU
		{D2D3D876-A8A9-4766-9ED0-FD896A97C43E}.AppStore|iPhone.Build.0 = Release|Any CPU
		{D2D3D876-A8A9-4766-9ED0-FD896A97C43E}.AppStore|iPhone.Deploy.0 = Release|Any CPU
		{D2D3D876-A8A9-4766-9ED0-FD896A97C43E}.AppStore|iPhoneSimulator.ActiveCfg = Release|Any CPU
		{D2D3D876-A8A9-4766-9ED0-FD896A97C43E}.AppStore|iPhoneSimulator.Build.0 = Release|Any CPU
		{D2D3D876-A8A9-4766-9ED0-FD896A97C43E}.AppStore|iPhoneSimulator.Deploy.0 = Release|Any CPU
		{D2D3D876-A8A9-4766-9ED0-FD896A97C43E}.AppStore|x64.ActiveCfg = Release|Any CPU
		{D2D3D876-A8A9-4766-9ED0-FD896A97C43E}.AppStore|x64.Build.0 = Release|Any CPU
		{D2D3D876-A8A9-4766-9ED0-FD896A97C43E}.AppStore|x64.Deploy.0 = Release|Any CPU
		{D2D3D876-A8A9-4766-9ED0-FD896A97C43E}.AppStore|x86.ActiveCfg = Release|Any CPU
		{D2D3D876-A8A9-4766-9ED0-FD896A97C43E}.AppStore|x86.Build.0 = Release|Any CPU
		{D2D3D876-A8A9-4766-9ED0-FD896A97C43E}.AppStore|x86.Deploy.0 = Release|Any CPU
		{D2D3D876-A8A9-4766-9ED0-FD896A97C43E}.Debug|Any CPU.ActiveCfg = Debug|Any CPU
		{D2D3D876-A8A9-4766-9ED0-FD896A97C43E}.Debug|Any CPU.Build.0 = Debug|Any CPU
		{D2D3D876-A8A9-4766-9ED0-FD896A97C43E}.Debug|Any CPU.Deploy.0 = Debug|Any CPU
		{D2D3D876-A8A9-4766-9ED0-FD896A97C43E}.Debug|ARM.ActiveCfg = Debug|Any CPU
		{D2D3D876-A8A9-4766-9ED0-FD896A97C43E}.Debug|ARM.Build.0 = Debug|Any CPU
		{D2D3D876-A8A9-4766-9ED0-FD896A97C43E}.Debug|ARM.Deploy.0 = Debug|Any CPU
		{D2D3D876-A8A9-4766-9ED0-FD896A97C43E}.Debug|iPhone.ActiveCfg = Debug|Any CPU
		{D2D3D876-A8A9-4766-9ED0-FD896A97C43E}.Debug|iPhone.Build.0 = Debug|Any CPU
		{D2D3D876-A8A9-4766-9ED0-FD896A97C43E}.Debug|iPhone.Deploy.0 = Debug|Any CPU
		{D2D3D876-A8A9-4766-9ED0-FD896A97C43E}.Debug|iPhoneSimulator.ActiveCfg = Debug|Any CPU
		{D2D3D876-A8A9-4766-9ED0-FD896A97C43E}.Debug|iPhoneSimulator.Build.0 = Debug|Any CPU
		{D2D3D876-A8A9-4766-9ED0-FD896A97C43E}.Debug|iPhoneSimulator.Deploy.0 = Debug|Any CPU
		{D2D3D876-A8A9-4766-9ED0-FD896A97C43E}.Debug|x64.ActiveCfg = Debug|Any CPU
		{D2D3D876-A8A9-4766-9ED0-FD896A97C43E}.Debug|x64.Build.0 = Debug|Any CPU
		{D2D3D876-A8A9-4766-9ED0-FD896A97C43E}.Debug|x64.Deploy.0 = Debug|Any CPU
		{D2D3D876-A8A9-4766-9ED0-FD896A97C43E}.Debug|x86.ActiveCfg = Debug|Any CPU
		{D2D3D876-A8A9-4766-9ED0-FD896A97C43E}.Debug|x86.Build.0 = Debug|Any CPU
		{D2D3D876-A8A9-4766-9ED0-FD896A97C43E}.Debug|x86.Deploy.0 = Debug|Any CPU
		{D2D3D876-A8A9-4766-9ED0-FD896A97C43E}.Release|Any CPU.ActiveCfg = Release|Any CPU
		{D2D3D876-A8A9-4766-9ED0-FD896A97C43E}.Release|Any CPU.Build.0 = Release|Any CPU
		{D2D3D876-A8A9-4766-9ED0-FD896A97C43E}.Release|Any CPU.Deploy.0 = Release|Any CPU
		{D2D3D876-A8A9-4766-9ED0-FD896A97C43E}.Release|ARM.ActiveCfg = Release|Any CPU
		{D2D3D876-A8A9-4766-9ED0-FD896A97C43E}.Release|ARM.Build.0 = Release|Any CPU
		{D2D3D876-A8A9-4766-9ED0-FD896A97C43E}.Release|ARM.Deploy.0 = Release|Any CPU
		{D2D3D876-A8A9-4766-9ED0-FD896A97C43E}.Release|iPhone.ActiveCfg = Release|Any CPU
		{D2D3D876-A8A9-4766-9ED0-FD896A97C43E}.Release|iPhone.Build.0 = Release|Any CPU
		{D2D3D876-A8A9-4766-9ED0-FD896A97C43E}.Release|iPhone.Deploy.0 = Release|Any CPU
		{D2D3D876-A8A9-4766-9ED0-FD896A97C43E}.Release|iPhoneSimulator.ActiveCfg = Release|Any CPU
		{D2D3D876-A8A9-4766-9ED0-FD896A97C43E}.Release|iPhoneSimulator.Build.0 = Release|Any CPU
		{D2D3D876-A8A9-4766-9ED0-FD896A97C43E}.Release|iPhoneSimulator.Deploy.0 = Release|Any CPU
		{D2D3D876-A8A9-4766-9ED0-FD896A97C43E}.Release|x64.ActiveCfg = Release|Any CPU
		{D2D3D876-A8A9-4766-9ED0-FD896A97C43E}.Release|x64.Build.0 = Release|Any CPU
		{D2D3D876-A8A9-4766-9ED0-FD896A97C43E}.Release|x64.Deploy.0 = Release|Any CPU
		{D2D3D876-A8A9-4766-9ED0-FD896A97C43E}.Release|x86.ActiveCfg = Release|Any CPU
		{D2D3D876-A8A9-4766-9ED0-FD896A97C43E}.Release|x86.Build.0 = Release|Any CPU
		{D2D3D876-A8A9-4766-9ED0-FD896A97C43E}.Release|x86.Deploy.0 = Release|Any CPU
		{258A7004-2FA0-4408-9B78-82650EE79C21}.Ad-Hoc|Any CPU.ActiveCfg = Ad-Hoc|iPhone
		{258A7004-2FA0-4408-9B78-82650EE79C21}.Ad-Hoc|ARM.ActiveCfg = Ad-Hoc|iPhone
		{258A7004-2FA0-4408-9B78-82650EE79C21}.Ad-Hoc|iPhone.ActiveCfg = Ad-Hoc|iPhone
		{258A7004-2FA0-4408-9B78-82650EE79C21}.Ad-Hoc|iPhone.Build.0 = Ad-Hoc|iPhone
		{258A7004-2FA0-4408-9B78-82650EE79C21}.Ad-Hoc|iPhoneSimulator.ActiveCfg = Ad-Hoc|iPhoneSimulator
		{258A7004-2FA0-4408-9B78-82650EE79C21}.Ad-Hoc|iPhoneSimulator.Build.0 = Ad-Hoc|iPhoneSimulator
		{258A7004-2FA0-4408-9B78-82650EE79C21}.Ad-Hoc|x64.ActiveCfg = Ad-Hoc|iPhone
		{258A7004-2FA0-4408-9B78-82650EE79C21}.Ad-Hoc|x86.ActiveCfg = Ad-Hoc|iPhone
		{258A7004-2FA0-4408-9B78-82650EE79C21}.AppStore|Any CPU.ActiveCfg = AppStore|iPhone
		{258A7004-2FA0-4408-9B78-82650EE79C21}.AppStore|ARM.ActiveCfg = AppStore|iPhone
		{258A7004-2FA0-4408-9B78-82650EE79C21}.AppStore|iPhone.ActiveCfg = AppStore|iPhone
		{258A7004-2FA0-4408-9B78-82650EE79C21}.AppStore|iPhone.Build.0 = AppStore|iPhone
		{258A7004-2FA0-4408-9B78-82650EE79C21}.AppStore|iPhoneSimulator.ActiveCfg = AppStore|iPhoneSimulator
		{258A7004-2FA0-4408-9B78-82650EE79C21}.AppStore|iPhoneSimulator.Build.0 = AppStore|iPhoneSimulator
		{258A7004-2FA0-4408-9B78-82650EE79C21}.AppStore|x64.ActiveCfg = AppStore|iPhone
		{258A7004-2FA0-4408-9B78-82650EE79C21}.AppStore|x86.ActiveCfg = AppStore|iPhone
		{258A7004-2FA0-4408-9B78-82650EE79C21}.Debug|Any CPU.ActiveCfg = Debug|iPhone
		{258A7004-2FA0-4408-9B78-82650EE79C21}.Debug|ARM.ActiveCfg = Debug|iPhone
		{258A7004-2FA0-4408-9B78-82650EE79C21}.Debug|iPhone.ActiveCfg = Debug|iPhone
		{258A7004-2FA0-4408-9B78-82650EE79C21}.Debug|iPhone.Build.0 = Debug|iPhone
		{258A7004-2FA0-4408-9B78-82650EE79C21}.Debug|iPhone.Deploy.0 = Debug|iPhone
		{258A7004-2FA0-4408-9B78-82650EE79C21}.Debug|iPhoneSimulator.ActiveCfg = Debug|iPhoneSimulator
		{258A7004-2FA0-4408-9B78-82650EE79C21}.Debug|iPhoneSimulator.Build.0 = Debug|iPhoneSimulator
		{258A7004-2FA0-4408-9B78-82650EE79C21}.Debug|x64.ActiveCfg = Debug|iPhone
		{258A7004-2FA0-4408-9B78-82650EE79C21}.Debug|x86.ActiveCfg = Debug|iPhone
		{258A7004-2FA0-4408-9B78-82650EE79C21}.Release|Any CPU.ActiveCfg = Release|iPhone
		{258A7004-2FA0-4408-9B78-82650EE79C21}.Release|ARM.ActiveCfg = Release|iPhone
		{258A7004-2FA0-4408-9B78-82650EE79C21}.Release|iPhone.ActiveCfg = Release|iPhone
		{258A7004-2FA0-4408-9B78-82650EE79C21}.Release|iPhone.Build.0 = Release|iPhone
		{258A7004-2FA0-4408-9B78-82650EE79C21}.Release|iPhoneSimulator.ActiveCfg = Release|iPhoneSimulator
		{258A7004-2FA0-4408-9B78-82650EE79C21}.Release|iPhoneSimulator.Build.0 = Release|iPhoneSimulator
		{258A7004-2FA0-4408-9B78-82650EE79C21}.Release|x64.ActiveCfg = Release|iPhone
		{258A7004-2FA0-4408-9B78-82650EE79C21}.Release|x86.ActiveCfg = Release|iPhone
		{9CDC507C-2287-4CCD-A494-23EBC3470732}.Ad-Hoc|Any CPU.ActiveCfg = Release|Any CPU
		{9CDC507C-2287-4CCD-A494-23EBC3470732}.Ad-Hoc|Any CPU.Build.0 = Release|Any CPU
		{9CDC507C-2287-4CCD-A494-23EBC3470732}.Ad-Hoc|Any CPU.Deploy.0 = Release|Any CPU
		{9CDC507C-2287-4CCD-A494-23EBC3470732}.Ad-Hoc|ARM.ActiveCfg = Release|ARM
		{9CDC507C-2287-4CCD-A494-23EBC3470732}.Ad-Hoc|ARM.Build.0 = Release|ARM
		{9CDC507C-2287-4CCD-A494-23EBC3470732}.Ad-Hoc|ARM.Deploy.0 = Release|ARM
		{9CDC507C-2287-4CCD-A494-23EBC3470732}.Ad-Hoc|iPhone.ActiveCfg = Release|Any CPU
		{9CDC507C-2287-4CCD-A494-23EBC3470732}.Ad-Hoc|iPhone.Build.0 = Release|Any CPU
		{9CDC507C-2287-4CCD-A494-23EBC3470732}.Ad-Hoc|iPhone.Deploy.0 = Release|Any CPU
		{9CDC507C-2287-4CCD-A494-23EBC3470732}.Ad-Hoc|iPhoneSimulator.ActiveCfg = Release|Any CPU
		{9CDC507C-2287-4CCD-A494-23EBC3470732}.Ad-Hoc|iPhoneSimulator.Build.0 = Release|Any CPU
		{9CDC507C-2287-4CCD-A494-23EBC3470732}.Ad-Hoc|iPhoneSimulator.Deploy.0 = Release|Any CPU
		{9CDC507C-2287-4CCD-A494-23EBC3470732}.Ad-Hoc|x64.ActiveCfg = Release|Any CPU
		{9CDC507C-2287-4CCD-A494-23EBC3470732}.Ad-Hoc|x64.Build.0 = Release|Any CPU
		{9CDC507C-2287-4CCD-A494-23EBC3470732}.Ad-Hoc|x64.Deploy.0 = Release|Any CPU
		{9CDC507C-2287-4CCD-A494-23EBC3470732}.Ad-Hoc|x86.ActiveCfg = Release|x86
		{9CDC507C-2287-4CCD-A494-23EBC3470732}.Ad-Hoc|x86.Build.0 = Release|x86
		{9CDC507C-2287-4CCD-A494-23EBC3470732}.Ad-Hoc|x86.Deploy.0 = Release|x86
		{9CDC507C-2287-4CCD-A494-23EBC3470732}.AppStore|Any CPU.ActiveCfg = Release|Any CPU
		{9CDC507C-2287-4CCD-A494-23EBC3470732}.AppStore|Any CPU.Build.0 = Release|Any CPU
		{9CDC507C-2287-4CCD-A494-23EBC3470732}.AppStore|Any CPU.Deploy.0 = Release|Any CPU
		{9CDC507C-2287-4CCD-A494-23EBC3470732}.AppStore|ARM.ActiveCfg = Release|ARM
		{9CDC507C-2287-4CCD-A494-23EBC3470732}.AppStore|ARM.Build.0 = Release|ARM
		{9CDC507C-2287-4CCD-A494-23EBC3470732}.AppStore|ARM.Deploy.0 = Release|ARM
		{9CDC507C-2287-4CCD-A494-23EBC3470732}.AppStore|iPhone.ActiveCfg = Release|Any CPU
		{9CDC507C-2287-4CCD-A494-23EBC3470732}.AppStore|iPhone.Build.0 = Release|Any CPU
		{9CDC507C-2287-4CCD-A494-23EBC3470732}.AppStore|iPhone.Deploy.0 = Release|Any CPU
		{9CDC507C-2287-4CCD-A494-23EBC3470732}.AppStore|iPhoneSimulator.ActiveCfg = Release|Any CPU
		{9CDC507C-2287-4CCD-A494-23EBC3470732}.AppStore|iPhoneSimulator.Build.0 = Release|Any CPU
		{9CDC507C-2287-4CCD-A494-23EBC3470732}.AppStore|iPhoneSimulator.Deploy.0 = Release|Any CPU
		{9CDC507C-2287-4CCD-A494-23EBC3470732}.AppStore|x64.ActiveCfg = Release|Any CPU
		{9CDC507C-2287-4CCD-A494-23EBC3470732}.AppStore|x64.Build.0 = Release|Any CPU
		{9CDC507C-2287-4CCD-A494-23EBC3470732}.AppStore|x64.Deploy.0 = Release|Any CPU
		{9CDC507C-2287-4CCD-A494-23EBC3470732}.AppStore|x86.ActiveCfg = Release|x86
		{9CDC507C-2287-4CCD-A494-23EBC3470732}.AppStore|x86.Build.0 = Release|x86
		{9CDC507C-2287-4CCD-A494-23EBC3470732}.AppStore|x86.Deploy.0 = Release|x86
		{9CDC507C-2287-4CCD-A494-23EBC3470732}.Debug|Any CPU.ActiveCfg = Debug|Any CPU
		{9CDC507C-2287-4CCD-A494-23EBC3470732}.Debug|Any CPU.Build.0 = Debug|Any CPU
		{9CDC507C-2287-4CCD-A494-23EBC3470732}.Debug|ARM.ActiveCfg = Debug|ARM
		{9CDC507C-2287-4CCD-A494-23EBC3470732}.Debug|ARM.Build.0 = Debug|ARM
		{9CDC507C-2287-4CCD-A494-23EBC3470732}.Debug|ARM.Deploy.0 = Debug|ARM
		{9CDC507C-2287-4CCD-A494-23EBC3470732}.Debug|iPhone.ActiveCfg = Debug|Any CPU
		{9CDC507C-2287-4CCD-A494-23EBC3470732}.Debug|iPhone.Build.0 = Debug|Any CPU
		{9CDC507C-2287-4CCD-A494-23EBC3470732}.Debug|iPhone.Deploy.0 = Debug|Any CPU
		{9CDC507C-2287-4CCD-A494-23EBC3470732}.Debug|iPhoneSimulator.ActiveCfg = Debug|Any CPU
		{9CDC507C-2287-4CCD-A494-23EBC3470732}.Debug|iPhoneSimulator.Build.0 = Debug|Any CPU
		{9CDC507C-2287-4CCD-A494-23EBC3470732}.Debug|iPhoneSimulator.Deploy.0 = Debug|Any CPU
		{9CDC507C-2287-4CCD-A494-23EBC3470732}.Debug|x64.ActiveCfg = Debug|Any CPU
		{9CDC507C-2287-4CCD-A494-23EBC3470732}.Debug|x64.Build.0 = Debug|Any CPU
		{9CDC507C-2287-4CCD-A494-23EBC3470732}.Debug|x64.Deploy.0 = Debug|Any CPU
		{9CDC507C-2287-4CCD-A494-23EBC3470732}.Debug|x86.ActiveCfg = Debug|x86
		{9CDC507C-2287-4CCD-A494-23EBC3470732}.Debug|x86.Build.0 = Debug|x86
		{9CDC507C-2287-4CCD-A494-23EBC3470732}.Debug|x86.Deploy.0 = Debug|x86
		{9CDC507C-2287-4CCD-A494-23EBC3470732}.Release|Any CPU.ActiveCfg = Release|Any CPU
		{9CDC507C-2287-4CCD-A494-23EBC3470732}.Release|Any CPU.Build.0 = Release|Any CPU
		{9CDC507C-2287-4CCD-A494-23EBC3470732}.Release|Any CPU.Deploy.0 = Release|Any CPU
		{9CDC507C-2287-4CCD-A494-23EBC3470732}.Release|ARM.ActiveCfg = Release|ARM
		{9CDC507C-2287-4CCD-A494-23EBC3470732}.Release|ARM.Build.0 = Release|ARM
		{9CDC507C-2287-4CCD-A494-23EBC3470732}.Release|ARM.Deploy.0 = Release|ARM
		{9CDC507C-2287-4CCD-A494-23EBC3470732}.Release|iPhone.ActiveCfg = Release|Any CPU
		{9CDC507C-2287-4CCD-A494-23EBC3470732}.Release|iPhone.Build.0 = Release|Any CPU
		{9CDC507C-2287-4CCD-A494-23EBC3470732}.Release|iPhone.Deploy.0 = Release|Any CPU
		{9CDC507C-2287-4CCD-A494-23EBC3470732}.Release|iPhoneSimulator.ActiveCfg = Release|Any CPU
		{9CDC507C-2287-4CCD-A494-23EBC3470732}.Release|iPhoneSimulator.Build.0 = Release|Any CPU
		{9CDC507C-2287-4CCD-A494-23EBC3470732}.Release|iPhoneSimulator.Deploy.0 = Release|Any CPU
		{9CDC507C-2287-4CCD-A494-23EBC3470732}.Release|x64.ActiveCfg = Release|Any CPU
		{9CDC507C-2287-4CCD-A494-23EBC3470732}.Release|x64.Build.0 = Release|Any CPU
		{9CDC507C-2287-4CCD-A494-23EBC3470732}.Release|x64.Deploy.0 = Release|Any CPU
		{9CDC507C-2287-4CCD-A494-23EBC3470732}.Release|x86.ActiveCfg = Release|x86
		{9CDC507C-2287-4CCD-A494-23EBC3470732}.Release|x86.Build.0 = Release|x86
		{9CDC507C-2287-4CCD-A494-23EBC3470732}.Release|x86.Deploy.0 = Release|x86
		{495DDE27-B0A0-466F-9D43-03F492288385}.Ad-Hoc|Any CPU.ActiveCfg = Release|x86
		{495DDE27-B0A0-466F-9D43-03F492288385}.Ad-Hoc|Any CPU.Build.0 = Release|x86
		{495DDE27-B0A0-466F-9D43-03F492288385}.Ad-Hoc|Any CPU.Deploy.0 = Release|x86
		{495DDE27-B0A0-466F-9D43-03F492288385}.Ad-Hoc|ARM.ActiveCfg = Release|ARM
		{495DDE27-B0A0-466F-9D43-03F492288385}.Ad-Hoc|ARM.Build.0 = Release|ARM
		{495DDE27-B0A0-466F-9D43-03F492288385}.Ad-Hoc|ARM.Deploy.0 = Release|ARM
		{495DDE27-B0A0-466F-9D43-03F492288385}.Ad-Hoc|iPhone.ActiveCfg = Release|x86
		{495DDE27-B0A0-466F-9D43-03F492288385}.Ad-Hoc|iPhone.Build.0 = Release|x86
		{495DDE27-B0A0-466F-9D43-03F492288385}.Ad-Hoc|iPhone.Deploy.0 = Release|x86
		{495DDE27-B0A0-466F-9D43-03F492288385}.Ad-Hoc|iPhoneSimulator.ActiveCfg = Release|x86
		{495DDE27-B0A0-466F-9D43-03F492288385}.Ad-Hoc|iPhoneSimulator.Build.0 = Release|x86
		{495DDE27-B0A0-466F-9D43-03F492288385}.Ad-Hoc|iPhoneSimulator.Deploy.0 = Release|x86
		{495DDE27-B0A0-466F-9D43-03F492288385}.Ad-Hoc|x64.ActiveCfg = Release|x64
		{495DDE27-B0A0-466F-9D43-03F492288385}.Ad-Hoc|x64.Build.0 = Release|x64
		{495DDE27-B0A0-466F-9D43-03F492288385}.Ad-Hoc|x64.Deploy.0 = Release|x64
		{495DDE27-B0A0-466F-9D43-03F492288385}.Ad-Hoc|x86.ActiveCfg = Release|x86
		{495DDE27-B0A0-466F-9D43-03F492288385}.Ad-Hoc|x86.Build.0 = Release|x86
		{495DDE27-B0A0-466F-9D43-03F492288385}.Ad-Hoc|x86.Deploy.0 = Release|x86
		{495DDE27-B0A0-466F-9D43-03F492288385}.AppStore|Any CPU.ActiveCfg = Release|x86
		{495DDE27-B0A0-466F-9D43-03F492288385}.AppStore|Any CPU.Build.0 = Release|x86
		{495DDE27-B0A0-466F-9D43-03F492288385}.AppStore|Any CPU.Deploy.0 = Release|x86
		{495DDE27-B0A0-466F-9D43-03F492288385}.AppStore|ARM.ActiveCfg = Release|ARM
		{495DDE27-B0A0-466F-9D43-03F492288385}.AppStore|ARM.Build.0 = Release|ARM
		{495DDE27-B0A0-466F-9D43-03F492288385}.AppStore|ARM.Deploy.0 = Release|ARM
		{495DDE27-B0A0-466F-9D43-03F492288385}.AppStore|iPhone.ActiveCfg = Release|x86
		{495DDE27-B0A0-466F-9D43-03F492288385}.AppStore|iPhone.Build.0 = Release|x86
		{495DDE27-B0A0-466F-9D43-03F492288385}.AppStore|iPhone.Deploy.0 = Release|x86
		{495DDE27-B0A0-466F-9D43-03F492288385}.AppStore|iPhoneSimulator.ActiveCfg = Release|x86
		{495DDE27-B0A0-466F-9D43-03F492288385}.AppStore|iPhoneSimulator.Build.0 = Release|x86
		{495DDE27-B0A0-466F-9D43-03F492288385}.AppStore|iPhoneSimulator.Deploy.0 = Release|x86
		{495DDE27-B0A0-466F-9D43-03F492288385}.AppStore|x64.ActiveCfg = Release|x64
		{495DDE27-B0A0-466F-9D43-03F492288385}.AppStore|x64.Build.0 = Release|x64
		{495DDE27-B0A0-466F-9D43-03F492288385}.AppStore|x64.Deploy.0 = Release|x64
		{495DDE27-B0A0-466F-9D43-03F492288385}.AppStore|x86.ActiveCfg = Release|x86
		{495DDE27-B0A0-466F-9D43-03F492288385}.AppStore|x86.Build.0 = Release|x86
		{495DDE27-B0A0-466F-9D43-03F492288385}.AppStore|x86.Deploy.0 = Release|x86
		{495DDE27-B0A0-466F-9D43-03F492288385}.Debug|Any CPU.ActiveCfg = Debug|x86
		{495DDE27-B0A0-466F-9D43-03F492288385}.Debug|ARM.ActiveCfg = Debug|ARM
		{495DDE27-B0A0-466F-9D43-03F492288385}.Debug|ARM.Build.0 = Debug|ARM
		{495DDE27-B0A0-466F-9D43-03F492288385}.Debug|ARM.Deploy.0 = Debug|ARM
		{495DDE27-B0A0-466F-9D43-03F492288385}.Debug|iPhone.ActiveCfg = Debug|x86
		{495DDE27-B0A0-466F-9D43-03F492288385}.Debug|iPhone.Build.0 = Debug|x86
		{495DDE27-B0A0-466F-9D43-03F492288385}.Debug|iPhone.Deploy.0 = Debug|x86
		{495DDE27-B0A0-466F-9D43-03F492288385}.Debug|iPhoneSimulator.ActiveCfg = Debug|x86
		{495DDE27-B0A0-466F-9D43-03F492288385}.Debug|x64.ActiveCfg = Debug|x64
		{495DDE27-B0A0-466F-9D43-03F492288385}.Debug|x64.Build.0 = Debug|x64
		{495DDE27-B0A0-466F-9D43-03F492288385}.Debug|x64.Deploy.0 = Debug|x64
		{495DDE27-B0A0-466F-9D43-03F492288385}.Debug|x86.ActiveCfg = Debug|x86
		{495DDE27-B0A0-466F-9D43-03F492288385}.Debug|x86.Build.0 = Debug|x86
		{495DDE27-B0A0-466F-9D43-03F492288385}.Debug|x86.Deploy.0 = Debug|x86
		{495DDE27-B0A0-466F-9D43-03F492288385}.Release|Any CPU.ActiveCfg = Release|x86
		{495DDE27-B0A0-466F-9D43-03F492288385}.Release|ARM.ActiveCfg = Release|ARM
		{495DDE27-B0A0-466F-9D43-03F492288385}.Release|ARM.Build.0 = Release|ARM
		{495DDE27-B0A0-466F-9D43-03F492288385}.Release|ARM.Deploy.0 = Release|ARM
		{495DDE27-B0A0-466F-9D43-03F492288385}.Release|iPhone.ActiveCfg = Release|x86
		{495DDE27-B0A0-466F-9D43-03F492288385}.Release|iPhoneSimulator.ActiveCfg = Release|x86
		{495DDE27-B0A0-466F-9D43-03F492288385}.Release|x64.ActiveCfg = Release|x64
		{495DDE27-B0A0-466F-9D43-03F492288385}.Release|x64.Build.0 = Release|x64
		{495DDE27-B0A0-466F-9D43-03F492288385}.Release|x64.Deploy.0 = Release|x64
		{495DDE27-B0A0-466F-9D43-03F492288385}.Release|x86.ActiveCfg = Release|x86
		{495DDE27-B0A0-466F-9D43-03F492288385}.Release|x86.Build.0 = Release|x86
		{495DDE27-B0A0-466F-9D43-03F492288385}.Release|x86.Deploy.0 = Release|x86
		{745259F0-E7A7-4065-87DC-59BE138C1C8B}.Ad-Hoc|Any CPU.ActiveCfg = Release|Any CPU
		{745259F0-E7A7-4065-87DC-59BE138C1C8B}.Ad-Hoc|Any CPU.Build.0 = Release|Any CPU
		{745259F0-E7A7-4065-87DC-59BE138C1C8B}.Ad-Hoc|Any CPU.Deploy.0 = Release|Any CPU
		{745259F0-E7A7-4065-87DC-59BE138C1C8B}.Ad-Hoc|ARM.ActiveCfg = Release|ARM
		{745259F0-E7A7-4065-87DC-59BE138C1C8B}.Ad-Hoc|ARM.Build.0 = Release|ARM
		{745259F0-E7A7-4065-87DC-59BE138C1C8B}.Ad-Hoc|ARM.Deploy.0 = Release|ARM
		{745259F0-E7A7-4065-87DC-59BE138C1C8B}.Ad-Hoc|iPhone.ActiveCfg = Release|Any CPU
		{745259F0-E7A7-4065-87DC-59BE138C1C8B}.Ad-Hoc|iPhone.Build.0 = Release|Any CPU
		{745259F0-E7A7-4065-87DC-59BE138C1C8B}.Ad-Hoc|iPhone.Deploy.0 = Release|Any CPU
		{745259F0-E7A7-4065-87DC-59BE138C1C8B}.Ad-Hoc|iPhoneSimulator.ActiveCfg = Release|Any CPU
		{745259F0-E7A7-4065-87DC-59BE138C1C8B}.Ad-Hoc|iPhoneSimulator.Build.0 = Release|Any CPU
		{745259F0-E7A7-4065-87DC-59BE138C1C8B}.Ad-Hoc|iPhoneSimulator.Deploy.0 = Release|Any CPU
		{745259F0-E7A7-4065-87DC-59BE138C1C8B}.Ad-Hoc|x64.ActiveCfg = Release|x64
		{745259F0-E7A7-4065-87DC-59BE138C1C8B}.Ad-Hoc|x64.Build.0 = Release|x64
		{745259F0-E7A7-4065-87DC-59BE138C1C8B}.Ad-Hoc|x64.Deploy.0 = Release|x64
		{745259F0-E7A7-4065-87DC-59BE138C1C8B}.Ad-Hoc|x86.ActiveCfg = Release|x86
		{745259F0-E7A7-4065-87DC-59BE138C1C8B}.Ad-Hoc|x86.Build.0 = Release|x86
		{745259F0-E7A7-4065-87DC-59BE138C1C8B}.Ad-Hoc|x86.Deploy.0 = Release|x86
		{745259F0-E7A7-4065-87DC-59BE138C1C8B}.AppStore|Any CPU.ActiveCfg = Release|Any CPU
		{745259F0-E7A7-4065-87DC-59BE138C1C8B}.AppStore|Any CPU.Build.0 = Release|Any CPU
		{745259F0-E7A7-4065-87DC-59BE138C1C8B}.AppStore|Any CPU.Deploy.0 = Release|Any CPU
		{745259F0-E7A7-4065-87DC-59BE138C1C8B}.AppStore|ARM.ActiveCfg = Release|ARM
		{745259F0-E7A7-4065-87DC-59BE138C1C8B}.AppStore|ARM.Build.0 = Release|ARM
		{745259F0-E7A7-4065-87DC-59BE138C1C8B}.AppStore|ARM.Deploy.0 = Release|ARM
		{745259F0-E7A7-4065-87DC-59BE138C1C8B}.AppStore|iPhone.ActiveCfg = Release|Any CPU
		{745259F0-E7A7-4065-87DC-59BE138C1C8B}.AppStore|iPhone.Build.0 = Release|Any CPU
		{745259F0-E7A7-4065-87DC-59BE138C1C8B}.AppStore|iPhone.Deploy.0 = Release|Any CPU
		{745259F0-E7A7-4065-87DC-59BE138C1C8B}.AppStore|iPhoneSimulator.ActiveCfg = Release|Any CPU
		{745259F0-E7A7-4065-87DC-59BE138C1C8B}.AppStore|iPhoneSimulator.Build.0 = Release|Any CPU
		{745259F0-E7A7-4065-87DC-59BE138C1C8B}.AppStore|iPhoneSimulator.Deploy.0 = Release|Any CPU
		{745259F0-E7A7-4065-87DC-59BE138C1C8B}.AppStore|x64.ActiveCfg = Release|x64
		{745259F0-E7A7-4065-87DC-59BE138C1C8B}.AppStore|x64.Build.0 = Release|x64
		{745259F0-E7A7-4065-87DC-59BE138C1C8B}.AppStore|x64.Deploy.0 = Release|x64
		{745259F0-E7A7-4065-87DC-59BE138C1C8B}.AppStore|x86.ActiveCfg = Release|x86
		{745259F0-E7A7-4065-87DC-59BE138C1C8B}.AppStore|x86.Build.0 = Release|x86
		{745259F0-E7A7-4065-87DC-59BE138C1C8B}.AppStore|x86.Deploy.0 = Release|x86
		{745259F0-E7A7-4065-87DC-59BE138C1C8B}.Debug|Any CPU.ActiveCfg = Debug|Any CPU
		{745259F0-E7A7-4065-87DC-59BE138C1C8B}.Debug|Any CPU.Build.0 = Debug|Any CPU
		{745259F0-E7A7-4065-87DC-59BE138C1C8B}.Debug|ARM.ActiveCfg = Debug|ARM
		{745259F0-E7A7-4065-87DC-59BE138C1C8B}.Debug|ARM.Build.0 = Debug|ARM
		{745259F0-E7A7-4065-87DC-59BE138C1C8B}.Debug|ARM.Deploy.0 = Debug|ARM
		{745259F0-E7A7-4065-87DC-59BE138C1C8B}.Debug|iPhone.ActiveCfg = Debug|Any CPU
		{745259F0-E7A7-4065-87DC-59BE138C1C8B}.Debug|iPhone.Build.0 = Debug|Any CPU
		{745259F0-E7A7-4065-87DC-59BE138C1C8B}.Debug|iPhone.Deploy.0 = Debug|Any CPU
		{745259F0-E7A7-4065-87DC-59BE138C1C8B}.Debug|iPhoneSimulator.ActiveCfg = Debug|Any CPU
		{745259F0-E7A7-4065-87DC-59BE138C1C8B}.Debug|iPhoneSimulator.Build.0 = Debug|Any CPU
		{745259F0-E7A7-4065-87DC-59BE138C1C8B}.Debug|iPhoneSimulator.Deploy.0 = Debug|Any CPU
		{745259F0-E7A7-4065-87DC-59BE138C1C8B}.Debug|x64.ActiveCfg = Debug|x64
		{745259F0-E7A7-4065-87DC-59BE138C1C8B}.Debug|x64.Build.0 = Debug|x64
		{745259F0-E7A7-4065-87DC-59BE138C1C8B}.Debug|x64.Deploy.0 = Debug|x64
		{745259F0-E7A7-4065-87DC-59BE138C1C8B}.Debug|x86.ActiveCfg = Debug|x86
		{745259F0-E7A7-4065-87DC-59BE138C1C8B}.Debug|x86.Build.0 = Debug|x86
		{745259F0-E7A7-4065-87DC-59BE138C1C8B}.Debug|x86.Deploy.0 = Debug|x86
		{745259F0-E7A7-4065-87DC-59BE138C1C8B}.Release|Any CPU.ActiveCfg = Release|Any CPU
		{745259F0-E7A7-4065-87DC-59BE138C1C8B}.Release|Any CPU.Build.0 = Release|Any CPU
		{745259F0-E7A7-4065-87DC-59BE138C1C8B}.Release|Any CPU.Deploy.0 = Release|Any CPU
		{745259F0-E7A7-4065-87DC-59BE138C1C8B}.Release|ARM.ActiveCfg = Release|ARM
		{745259F0-E7A7-4065-87DC-59BE138C1C8B}.Release|ARM.Build.0 = Release|ARM
		{745259F0-E7A7-4065-87DC-59BE138C1C8B}.Release|ARM.Deploy.0 = Release|ARM
		{745259F0-E7A7-4065-87DC-59BE138C1C8B}.Release|iPhone.ActiveCfg = Release|Any CPU
		{745259F0-E7A7-4065-87DC-59BE138C1C8B}.Release|iPhone.Build.0 = Release|Any CPU
		{745259F0-E7A7-4065-87DC-59BE138C1C8B}.Release|iPhone.Deploy.0 = Release|Any CPU
		{745259F0-E7A7-4065-87DC-59BE138C1C8B}.Release|iPhoneSimulator.ActiveCfg = Release|Any CPU
		{745259F0-E7A7-4065-87DC-59BE138C1C8B}.Release|iPhoneSimulator.Build.0 = Release|Any CPU
		{745259F0-E7A7-4065-87DC-59BE138C1C8B}.Release|iPhoneSimulator.Deploy.0 = Release|Any CPU
		{745259F0-E7A7-4065-87DC-59BE138C1C8B}.Release|x64.ActiveCfg = Release|x64
		{745259F0-E7A7-4065-87DC-59BE138C1C8B}.Release|x64.Build.0 = Release|x64
		{745259F0-E7A7-4065-87DC-59BE138C1C8B}.Release|x64.Deploy.0 = Release|x64
		{745259F0-E7A7-4065-87DC-59BE138C1C8B}.Release|x86.ActiveCfg = Release|x86
		{745259F0-E7A7-4065-87DC-59BE138C1C8B}.Release|x86.Build.0 = Release|x86
		{745259F0-E7A7-4065-87DC-59BE138C1C8B}.Release|x86.Deploy.0 = Release|x86
	EndGlobalSection
	GlobalSection(SolutionProperties) = preSolution
		HideSolutionNode = FALSE
	EndGlobalSection
EndGlobal
